
Microsoft Visual Studio Solution File, Format Version 12.00
# Visual Studio 2013
VisualStudioVersion = 12.0.40629.0
MinimumVisualStudioVersion = 10.0.40219.1
Project("{2150E333-8FDC-42A3-9474-1A3956D46DE8}") = "Leap", "Leap", "{B7CB7332-B9AB-4FB7-B549-15530FA93458}"
EndProject
Project("{FAE04EC0-301F-11D3-BF4B-00C04F79EFBC}") = "leap.exercism.io", "leap.exercism.io\leap.exercism.io.csproj", "{76D124E8-7119-4F36-988E-98139187D5BB}"
EndProject
Project("{FAE04EC0-301F-11D3-BF4B-00C04F79EFBC}") = "tests.leap.exercism.io", "tests.leap.exercism.io\tests.leap.exercism.io.csproj", "{8CF947FC-16F7-4D2F-9359-30F5DA965272}"
EndProject
Project("{2150E333-8FDC-42A3-9474-1A3956D46DE8}") = "Bob", "Bob", "{2AB2F000-BDEF-47DD-81DE-355886C417A7}"
EndProject
Project("{FAE04EC0-301F-11D3-BF4B-00C04F79EFBC}") = "bob.exercism.io", "bob.exercism.io\bob.exercism.io.csproj", "{AF54806D-7FBA-49CC-A44F-3046AA8633EA}"
EndProject
Project("{FAE04EC0-301F-11D3-BF4B-00C04F79EFBC}") = "tests.bob.exercism.io", "tests.bob.exercism.io\tests.bob.exercism.io.csproj", "{FA3C38EE-97A9-45C3-9226-44F5BB9023AC}"
EndProject
Project("{2150E333-8FDC-42A3-9474-1A3956D46DE8}") = "ETL", "ETL", "{A1EABC04-14B4-400E-939F-82718EDDA877}"
EndProject
Project("{FAE04EC0-301F-11D3-BF4B-00C04F79EFBC}") = "etl.exercism.io", "etl.exercism.io\etl.exercism.io.csproj", "{94B13522-440B-4D7D-BD3F-2D3B66346A94}"
EndProject
Project("{FAE04EC0-301F-11D3-BF4B-00C04F79EFBC}") = "tests.etl.exercism.io", "tests.etl.exercism.io\tests.etl.exercism.io.csproj", "{AA3FA840-DCBF-47A0-8D6E-0E1A6E587DF2}"
EndProject
Project("{2150E333-8FDC-42A3-9474-1A3956D46DE8}") = "Anagram", "Anagram", "{AF2EA01F-32AE-4C5F-B5A9-7A594A7E21DF}"
EndProject
Project("{FAE04EC0-301F-11D3-BF4B-00C04F79EFBC}") = "anagram.exercism.io", "anagram.exercism.io\anagram.exercism.io.csproj", "{7CD8B623-7A46-4BC5-93CF-56734AE7A1D7}"
EndProject
Project("{FAE04EC0-301F-11D3-BF4B-00C04F79EFBC}") = "tests.anagram.exercism.io", "tests.anagram.exercism.io\tests.anagram.exercism.io.csproj", "{DD6A8D7F-3ACD-4FD8-AB8D-B2BB49A050E8}"
EndProject
Project("{2150E333-8FDC-42A3-9474-1A3956D46DE8}") = "Hamming", "Hamming", "{6C63CE70-E14E-4400-9B8E-929B17BC8343}"
EndProject
Project("{FAE04EC0-301F-11D3-BF4B-00C04F79EFBC}") = "hamming.exercism.io", "hamming.exercism.io\hamming.exercism.io.csproj", "{CEBA2A23-E616-4DF2-B035-26586E1582BE}"
EndProject
Project("{FAE04EC0-301F-11D3-BF4B-00C04F79EFBC}") = "tests.hamming.exercism.io", "tests.hamming.exercism.io\tests.hamming.exercism.io.csproj", "{9F8D8493-20B7-401B-BF13-EBF033257A6A}"
EndProject
Project("{2150E333-8FDC-42A3-9474-1A3956D46DE8}") = "Word-Count", "Word-Count", "{A0CC8559-B320-49AF-8369-C1BCDEE95758}"
EndProject
Project("{FAE04EC0-301F-11D3-BF4B-00C04F79EFBC}") = "tests.word-count.exercism.io", "tests.word-count.exercism.io\tests.word-count.exercism.io.csproj", "{C9989DDE-D291-40A7-9E95-8473E0F9DB24}"
EndProject
Project("{2150E333-8FDC-42A3-9474-1A3956D46DE8}") = "Grade-School", "Grade-School", "{187FB481-2A4C-4E29-BEB6-8872064C732E}"
EndProject
Project("{FAE04EC0-301F-11D3-BF4B-00C04F79EFBC}") = "grade-school.exercism.io", "grade-school.exercism.io\grade-school.exercism.io.csproj", "{A46B4EA4-4701-434C-B86C-F20841DDC921}"
EndProject
Project("{FAE04EC0-301F-11D3-BF4B-00C04F79EFBC}") = "tests.grade-school.exercism.io", "tests.grade-school.exercism.io\tests.grade-school.exercism.io.csproj", "{E862BC6B-FB3A-41B2-9AAB-269656A9ADA5}"
EndProject
Project("{FAE04EC0-301F-11D3-BF4B-00C04F79EFBC}") = "word-count.exercism.io", "word-count.exercism.io\word-count.exercism.io.csproj", "{29702412-C70C-449E-AB62-4EA5337FBBE9}"
EndProject
Project("{2150E333-8FDC-42A3-9474-1A3956D46DE8}") = "Nucleotide-Count", "Nucleotide-Count", "{514636E3-994C-4A2F-94BE-CA9038617E86}"
EndProject
Project("{FAE04EC0-301F-11D3-BF4B-00C04F79EFBC}") = "tests.nucleotide-count.exercism.io", "tests.nucleotide-count.exercism.io\tests.nucleotide-count.exercism.io.csproj", "{720A7FAD-3828-4C78-8E18-BF55194D134A}"
EndProject
Project("{FAE04EC0-301F-11D3-BF4B-00C04F79EFBC}") = "nucleodite-count.exercism.io", "nucleodite-count.exercism.io\nucleodite-count.exercism.io.csproj", "{049938E4-2664-4AEB-9AD2-7418E61AB105}"
EndProject
Global
	GlobalSection(SolutionConfigurationPlatforms) = preSolution
		Debug|Any CPU = Debug|Any CPU
		Release|Any CPU = Release|Any CPU
	EndGlobalSection
	GlobalSection(ProjectConfigurationPlatforms) = postSolution
		{76D124E8-7119-4F36-988E-98139187D5BB}.Debug|Any CPU.ActiveCfg = Debug|Any CPU
		{76D124E8-7119-4F36-988E-98139187D5BB}.Debug|Any CPU.Build.0 = Debug|Any CPU
		{76D124E8-7119-4F36-988E-98139187D5BB}.Release|Any CPU.ActiveCfg = Release|Any CPU
		{76D124E8-7119-4F36-988E-98139187D5BB}.Release|Any CPU.Build.0 = Release|Any CPU
		{8CF947FC-16F7-4D2F-9359-30F5DA965272}.Debug|Any CPU.ActiveCfg = Debug|Any CPU
		{8CF947FC-16F7-4D2F-9359-30F5DA965272}.Debug|Any CPU.Build.0 = Debug|Any CPU
		{8CF947FC-16F7-4D2F-9359-30F5DA965272}.Release|Any CPU.ActiveCfg = Release|Any CPU
		{8CF947FC-16F7-4D2F-9359-30F5DA965272}.Release|Any CPU.Build.0 = Release|Any CPU
		{AF54806D-7FBA-49CC-A44F-3046AA8633EA}.Debug|Any CPU.ActiveCfg = Debug|Any CPU
		{AF54806D-7FBA-49CC-A44F-3046AA8633EA}.Debug|Any CPU.Build.0 = Debug|Any CPU
		{AF54806D-7FBA-49CC-A44F-3046AA8633EA}.Release|Any CPU.ActiveCfg = Release|Any CPU
		{AF54806D-7FBA-49CC-A44F-3046AA8633EA}.Release|Any CPU.Build.0 = Release|Any CPU
		{FA3C38EE-97A9-45C3-9226-44F5BB9023AC}.Debug|Any CPU.ActiveCfg = Debug|Any CPU
		{FA3C38EE-97A9-45C3-9226-44F5BB9023AC}.Debug|Any CPU.Build.0 = Debug|Any CPU
		{FA3C38EE-97A9-45C3-9226-44F5BB9023AC}.Release|Any CPU.ActiveCfg = Release|Any CPU
		{FA3C38EE-97A9-45C3-9226-44F5BB9023AC}.Release|Any CPU.Build.0 = Release|Any CPU
		{94B13522-440B-4D7D-BD3F-2D3B66346A94}.Debug|Any CPU.ActiveCfg = Debug|Any CPU
		{94B13522-440B-4D7D-BD3F-2D3B66346A94}.Debug|Any CPU.Build.0 = Debug|Any CPU
		{94B13522-440B-4D7D-BD3F-2D3B66346A94}.Release|Any CPU.ActiveCfg = Release|Any CPU
		{94B13522-440B-4D7D-BD3F-2D3B66346A94}.Release|Any CPU.Build.0 = Release|Any CPU
		{AA3FA840-DCBF-47A0-8D6E-0E1A6E587DF2}.Debug|Any CPU.ActiveCfg = Debug|Any CPU
		{AA3FA840-DCBF-47A0-8D6E-0E1A6E587DF2}.Debug|Any CPU.Build.0 = Debug|Any CPU
		{AA3FA840-DCBF-47A0-8D6E-0E1A6E587DF2}.Release|Any CPU.ActiveCfg = Release|Any CPU
		{AA3FA840-DCBF-47A0-8D6E-0E1A6E587DF2}.Release|Any CPU.Build.0 = Release|Any CPU
		{7CD8B623-7A46-4BC5-93CF-56734AE7A1D7}.Debug|Any CPU.ActiveCfg = Debug|Any CPU
		{7CD8B623-7A46-4BC5-93CF-56734AE7A1D7}.Debug|Any CPU.Build.0 = Debug|Any CPU
		{7CD8B623-7A46-4BC5-93CF-56734AE7A1D7}.Release|Any CPU.ActiveCfg = Release|Any CPU
		{7CD8B623-7A46-4BC5-93CF-56734AE7A1D7}.Release|Any CPU.Build.0 = Release|Any CPU
		{DD6A8D7F-3ACD-4FD8-AB8D-B2BB49A050E8}.Debug|Any CPU.ActiveCfg = Debug|Any CPU
		{DD6A8D7F-3ACD-4FD8-AB8D-B2BB49A050E8}.Debug|Any CPU.Build.0 = Debug|Any CPU
		{DD6A8D7F-3ACD-4FD8-AB8D-B2BB49A050E8}.Release|Any CPU.ActiveCfg = Release|Any CPU
		{DD6A8D7F-3ACD-4FD8-AB8D-B2BB49A050E8}.Release|Any CPU.Build.0 = Release|Any CPU
		{CEBA2A23-E616-4DF2-B035-26586E1582BE}.Debug|Any CPU.ActiveCfg = Debug|Any CPU
		{CEBA2A23-E616-4DF2-B035-26586E1582BE}.Debug|Any CPU.Build.0 = Debug|Any CPU
		{CEBA2A23-E616-4DF2-B035-26586E1582BE}.Release|Any CPU.ActiveCfg = Release|Any CPU
		{CEBA2A23-E616-4DF2-B035-26586E1582BE}.Release|Any CPU.Build.0 = Release|Any CPU
		{9F8D8493-20B7-401B-BF13-EBF033257A6A}.Debug|Any CPU.ActiveCfg = Debug|Any CPU
		{9F8D8493-20B7-401B-BF13-EBF033257A6A}.Debug|Any CPU.Build.0 = Debug|Any CPU
		{9F8D8493-20B7-401B-BF13-EBF033257A6A}.Release|Any CPU.ActiveCfg = Release|Any CPU
		{9F8D8493-20B7-401B-BF13-EBF033257A6A}.Release|Any CPU.Build.0 = Release|Any CPU
		{C9989DDE-D291-40A7-9E95-8473E0F9DB24}.Debug|Any CPU.ActiveCfg = Debug|Any CPU
		{C9989DDE-D291-40A7-9E95-8473E0F9DB24}.Debug|Any CPU.Build.0 = Debug|Any CPU
		{C9989DDE-D291-40A7-9E95-8473E0F9DB24}.Release|Any CPU.ActiveCfg = Release|Any CPU
		{C9989DDE-D291-40A7-9E95-8473E0F9DB24}.Release|Any CPU.Build.0 = Release|Any CPU
		{A46B4EA4-4701-434C-B86C-F20841DDC921}.Debug|Any CPU.ActiveCfg = Debug|Any CPU
		{A46B4EA4-4701-434C-B86C-F20841DDC921}.Debug|Any CPU.Build.0 = Debug|Any CPU
		{A46B4EA4-4701-434C-B86C-F20841DDC921}.Release|Any CPU.ActiveCfg = Release|Any CPU
		{A46B4EA4-4701-434C-B86C-F20841DDC921}.Release|Any CPU.Build.0 = Release|Any CPU
		{E862BC6B-FB3A-41B2-9AAB-269656A9ADA5}.Debug|Any CPU.ActiveCfg = Debug|Any CPU
		{E862BC6B-FB3A-41B2-9AAB-269656A9ADA5}.Debug|Any CPU.Build.0 = Debug|Any CPU
		{E862BC6B-FB3A-41B2-9AAB-269656A9ADA5}.Release|Any CPU.ActiveCfg = Release|Any CPU
		{E862BC6B-FB3A-41B2-9AAB-269656A9ADA5}.Release|Any CPU.Build.0 = Release|Any CPU
		{29702412-C70C-449E-AB62-4EA5337FBBE9}.Debug|Any CPU.ActiveCfg = Debug|Any CPU
		{29702412-C70C-449E-AB62-4EA5337FBBE9}.Debug|Any CPU.Build.0 = Debug|Any CPU
		{29702412-C70C-449E-AB62-4EA5337FBBE9}.Release|Any CPU.ActiveCfg = Release|Any CPU
		{29702412-C70C-449E-AB62-4EA5337FBBE9}.Release|Any CPU.Build.0 = Release|Any CPU
		{720A7FAD-3828-4C78-8E18-BF55194D134A}.Debug|Any CPU.ActiveCfg = Debug|Any CPU
		{720A7FAD-3828-4C78-8E18-BF55194D134A}.Debug|Any CPU.Build.0 = Debug|Any CPU
		{720A7FAD-3828-4C78-8E18-BF55194D134A}.Release|Any CPU.ActiveCfg = Release|Any CPU
		{720A7FAD-3828-4C78-8E18-BF55194D134A}.Release|Any CPU.Build.0 = Release|Any CPU
		{049938E4-2664-4AEB-9AD2-7418E61AB105}.Debug|Any CPU.ActiveCfg = Debug|Any CPU
		{049938E4-2664-4AEB-9AD2-7418E61AB105}.Debug|Any CPU.Build.0 = Debug|Any CPU
		{049938E4-2664-4AEB-9AD2-7418E61AB105}.Release|Any CPU.ActiveCfg = Release|Any CPU
		{049938E4-2664-4AEB-9AD2-7418E61AB105}.Release|Any CPU.Build.0 = Release|Any CPU
	EndGlobalSection
	GlobalSection(SolutionProperties) = preSolution
		HideSolutionNode = FALSE
	EndGlobalSection
	GlobalSection(NestedProjects) = preSolution
		{76D124E8-7119-4F36-988E-98139187D5BB} = {B7CB7332-B9AB-4FB7-B549-15530FA93458}
		{8CF947FC-16F7-4D2F-9359-30F5DA965272} = {B7CB7332-B9AB-4FB7-B549-15530FA93458}
		{AF54806D-7FBA-49CC-A44F-3046AA8633EA} = {2AB2F000-BDEF-47DD-81DE-355886C417A7}
		{FA3C38EE-97A9-45C3-9226-44F5BB9023AC} = {2AB2F000-BDEF-47DD-81DE-355886C417A7}
		{94B13522-440B-4D7D-BD3F-2D3B66346A94} = {A1EABC04-14B4-400E-939F-82718EDDA877}
		{AA3FA840-DCBF-47A0-8D6E-0E1A6E587DF2} = {A1EABC04-14B4-400E-939F-82718EDDA877}
		{7CD8B623-7A46-4BC5-93CF-56734AE7A1D7} = {AF2EA01F-32AE-4C5F-B5A9-7A594A7E21DF}
		{DD6A8D7F-3ACD-4FD8-AB8D-B2BB49A050E8} = {AF2EA01F-32AE-4C5F-B5A9-7A594A7E21DF}
		{CEBA2A23-E616-4DF2-B035-26586E1582BE} = {6C63CE70-E14E-4400-9B8E-929B17BC8343}
		{9F8D8493-20B7-401B-BF13-EBF033257A6A} = {6C63CE70-E14E-4400-9B8E-929B17BC8343}
		{C9989DDE-D291-40A7-9E95-8473E0F9DB24} = {A0CC8559-B320-49AF-8369-C1BCDEE95758}
		{A46B4EA4-4701-434C-B86C-F20841DDC921} = {187FB481-2A4C-4E29-BEB6-8872064C732E}
		{E862BC6B-FB3A-41B2-9AAB-269656A9ADA5} = {187FB481-2A4C-4E29-BEB6-8872064C732E}
		{29702412-C70C-449E-AB62-4EA5337FBBE9} = {A0CC8559-B320-49AF-8369-C1BCDEE95758}
		{720A7FAD-3828-4C78-8E18-BF55194D134A} = {514636E3-994C-4A2F-94BE-CA9038617E86}
		{049938E4-2664-4AEB-9AD2-7418E61AB105} = {514636E3-994C-4A2F-94BE-CA9038617E86}
	EndGlobalSection
EndGlobal
